
Microsoft Visual Studio Solution File, Format Version 12.00
# Visual Studio 14
VisualStudioVersion = 14.0.25420.1
MinimumVisualStudioVersion = 10.0.40219.1
Project("{8BC9CEB8-8B4A-11D0-8D11-00A0C91BC942}") = "vGenInterface", "vGenInterface.vcxproj", "{B9272D99-836B-4201-A168-4AD780550D1E}"
EndProject
Project("{2150E333-8FDC-42A3-9474-1A3956D46DE8}") = "Tests", "Tests", "{4E7E72A5-820B-42D9-982B-ACB17484E523}"
EndProject
Project("{8BC9CEB8-8B4A-11D0-8D11-00A0C91BC942}") = "CompatTest", "vGenTest\CompatTest\CompatTest.vcxproj", "{293C477A-8B77-419D-B8A9-0CA5212934CC}"
	ProjectSection(ProjectDependencies) = postProject
		{B9272D99-836B-4201-A168-4AD780550D1E} = {B9272D99-836B-4201-A168-4AD780550D1E}
	EndProjectSection
EndProject
Project("{8BC9CEB8-8B4A-11D0-8D11-00A0C91BC942}") = "ForceFree", "vGenTest\FreeDev\FreeDev.vcxproj", "{CE7EF748-2FCE-4ECC-8E51-7F43A893BE62}"
	ProjectSection(ProjectDependencies) = postProject
		{B9272D99-836B-4201-A168-4AD780550D1E} = {B9272D99-836B-4201-A168-4AD780550D1E}
	EndProjectSection
EndProject
Project("{8BC9CEB8-8B4A-11D0-8D11-00A0C91BC942}") = "vGenTest", "vGenTest\vGenTest\vGenTest.vcxproj", "{DC028017-F92D-4A70-ABA1-0208737AA5A5}"
	ProjectSection(ProjectDependencies) = postProject
		{B9272D99-836B-4201-A168-4AD780550D1E} = {B9272D99-836B-4201-A168-4AD780550D1E}
	EndProjectSection
EndProject
Project("{8BC9CEB8-8B4A-11D0-8D11-00A0C91BC942}") = "vXboxTest", "vGenTest\vXboxTest\vXboxTest.vcxproj", "{49FC443C-19D8-49B0-BC7D-09D234988086}"
	ProjectSection(ProjectDependencies) = postProject
		{B9272D99-836B-4201-A168-4AD780550D1E} = {B9272D99-836B-4201-A168-4AD780550D1E}
	EndProjectSection
EndProject
Project("{FAE04EC0-301F-11D3-BF4B-00C04F79EFBC}") = "vGenInterfaceWrap", "vGenWrap\vGenInterfaceWrap.csproj", "{FF5AAE17-BA16-46B5-8C7B-AC860878D008}"
	ProjectSection(ProjectDependencies) = postProject
		{B9272D99-836B-4201-A168-4AD780550D1E} = {B9272D99-836B-4201-A168-4AD780550D1E}
	EndProjectSection
EndProject
Project("{FAE04EC0-301F-11D3-BF4B-00C04F79EFBC}") = "WrapperTest", "vGenTest\WrapperTest\WrapperTest.csproj", "{23F03B03-B65E-47EF-A61C-FB4631FBA71C}"
EndProject
Project("{2150E333-8FDC-42A3-9474-1A3956D46DE8}") = "CSharp", "CSharp", "{22ECDBBA-4ED8-40E9-A972-DDDC1009DD47}"
EndProject
Project("{FAE04EC0-301F-11D3-BF4B-00C04F79EFBC}") = "ComTest", "vGenWrap\ComTest\ComTest.csproj", "{7ABE79B7-8506-4DA4-B511-CEE751496CE4}"
	ProjectSection(ProjectDependencies) = postProject
		{FF5AAE17-BA16-46B5-8C7B-AC860878D008} = {FF5AAE17-BA16-46B5-8C7B-AC860878D008}
	EndProjectSection
EndProject
Global
	GlobalSection(SolutionConfigurationPlatforms) = preSolution
		Debug_STAT|Any CPU = Debug_STAT|Any CPU
		Debug_STAT|x64 = Debug_STAT|x64
		Debug_STAT|x86 = Debug_STAT|x86
		Debug|Any CPU = Debug|Any CPU
		Debug|x64 = Debug|x64
		Debug|x86 = Debug|x86
		Release_STAT|Any CPU = Release_STAT|Any CPU
		Release_STAT|x64 = Release_STAT|x64
		Release_STAT|x86 = Release_STAT|x86
		Release|Any CPU = Release|Any CPU
		Release|x64 = Release|x64
		Release|x86 = Release|x86
	EndGlobalSection
	GlobalSection(ProjectConfigurationPlatforms) = postSolution
		{B9272D99-836B-4201-A168-4AD780550D1E}.Debug_STAT|Any CPU.ActiveCfg = Debug_STAT|Win32
		{B9272D99-836B-4201-A168-4AD780550D1E}.Debug_STAT|x64.ActiveCfg = Debug_STAT|x64
		{B9272D99-836B-4201-A168-4AD780550D1E}.Debug_STAT|x64.Build.0 = Debug_STAT|x64
		{B9272D99-836B-4201-A168-4AD780550D1E}.Debug_STAT|x86.ActiveCfg = Debug_STAT|Win32
		{B9272D99-836B-4201-A168-4AD780550D1E}.Debug_STAT|x86.Build.0 = Debug_STAT|Win32
		{B9272D99-836B-4201-A168-4AD780550D1E}.Debug|Any CPU.ActiveCfg = Debug|Win32
		{B9272D99-836B-4201-A168-4AD780550D1E}.Debug|x64.ActiveCfg = Debug|x64
		{B9272D99-836B-4201-A168-4AD780550D1E}.Debug|x64.Build.0 = Debug|x64
		{B9272D99-836B-4201-A168-4AD780550D1E}.Debug|x86.ActiveCfg = Debug|Win32
		{B9272D99-836B-4201-A168-4AD780550D1E}.Debug|x86.Build.0 = Debug|Win32
		{B9272D99-836B-4201-A168-4AD780550D1E}.Release_STAT|Any CPU.ActiveCfg = Release_STAT|Win32
		{B9272D99-836B-4201-A168-4AD780550D1E}.Release_STAT|x64.ActiveCfg = Release_STAT|x64
		{B9272D99-836B-4201-A168-4AD780550D1E}.Release_STAT|x64.Build.0 = Release_STAT|x64
		{B9272D99-836B-4201-A168-4AD780550D1E}.Release_STAT|x86.ActiveCfg = Release_STAT|Win32
		{B9272D99-836B-4201-A168-4AD780550D1E}.Release_STAT|x86.Build.0 = Release_STAT|Win32
		{B9272D99-836B-4201-A168-4AD780550D1E}.Release|Any CPU.ActiveCfg = Release|Win32
		{B9272D99-836B-4201-A168-4AD780550D1E}.Release|x64.ActiveCfg = Release|x64
		{B9272D99-836B-4201-A168-4AD780550D1E}.Release|x64.Build.0 = Release|x64
		{B9272D99-836B-4201-A168-4AD780550D1E}.Release|x86.ActiveCfg = Release|Win32
		{B9272D99-836B-4201-A168-4AD780550D1E}.Release|x86.Build.0 = Release|Win32
		{293C477A-8B77-419D-B8A9-0CA5212934CC}.Debug_STAT|Any CPU.ActiveCfg = Release|Win32
		{293C477A-8B77-419D-B8A9-0CA5212934CC}.Debug_STAT|Any CPU.Build.0 = Release|Win32
		{293C477A-8B77-419D-B8A9-0CA5212934CC}.Debug_STAT|x64.ActiveCfg = Debug|x64
		{293C477A-8B77-419D-B8A9-0CA5212934CC}.Debug_STAT|x64.Build.0 = Debug|x64
		{293C477A-8B77-419D-B8A9-0CA5212934CC}.Debug_STAT|x86.ActiveCfg = Debug|Win32
		{293C477A-8B77-419D-B8A9-0CA5212934CC}.Debug_STAT|x86.Build.0 = Debug|Win32
		{293C477A-8B77-419D-B8A9-0CA5212934CC}.Debug|Any CPU.ActiveCfg = Debug|Win32
		{293C477A-8B77-419D-B8A9-0CA5212934CC}.Debug|x64.ActiveCfg = Debug|x64
		{293C477A-8B77-419D-B8A9-0CA5212934CC}.Debug|x64.Build.0 = Debug|x64
		{293C477A-8B77-419D-B8A9-0CA5212934CC}.Debug|x86.ActiveCfg = Debug|Win32
		{293C477A-8B77-419D-B8A9-0CA5212934CC}.Debug|x86.Build.0 = Debug|Win32
		{293C477A-8B77-419D-B8A9-0CA5212934CC}.Release_STAT|Any CPU.ActiveCfg = Release|Win32
		{293C477A-8B77-419D-B8A9-0CA5212934CC}.Release_STAT|Any CPU.Build.0 = Release|Win32
		{293C477A-8B77-419D-B8A9-0CA5212934CC}.Release_STAT|x64.ActiveCfg = Release|x64
		{293C477A-8B77-419D-B8A9-0CA5212934CC}.Release_STAT|x64.Build.0 = Release|x64
		{293C477A-8B77-419D-B8A9-0CA5212934CC}.Release_STAT|x86.ActiveCfg = Release|Win32
		{293C477A-8B77-419D-B8A9-0CA5212934CC}.Release_STAT|x86.Build.0 = Release|Win32
		{293C477A-8B77-419D-B8A9-0CA5212934CC}.Release|Any CPU.ActiveCfg = Release|Win32
		{293C477A-8B77-419D-B8A9-0CA5212934CC}.Release|x64.ActiveCfg = Release|x64
		{293C477A-8B77-419D-B8A9-0CA5212934CC}.Release|x64.Build.0 = Release|x64
		{293C477A-8B77-419D-B8A9-0CA5212934CC}.Release|x86.ActiveCfg = Release|Win32
		{293C477A-8B77-419D-B8A9-0CA5212934CC}.Release|x86.Build.0 = Release|Win32
		{CE7EF748-2FCE-4ECC-8E51-7F43A893BE62}.Debug_STAT|Any CPU.ActiveCfg = Release|Win32
		{CE7EF748-2FCE-4ECC-8E51-7F43A893BE62}.Debug_STAT|Any CPU.Build.0 = Release|Win32
		{CE7EF748-2FCE-4ECC-8E51-7F43A893BE62}.Debug_STAT|x64.ActiveCfg = Debug|x64
		{CE7EF748-2FCE-4ECC-8E51-7F43A893BE62}.Debug_STAT|x64.Build.0 = Debug|x64
		{CE7EF748-2FCE-4ECC-8E51-7F43A893BE62}.Debug_STAT|x86.ActiveCfg = Debug|Win32
		{CE7EF748-2FCE-4ECC-8E51-7F43A893BE62}.Debug_STAT|x86.Build.0 = Debug|Win32
		{CE7EF748-2FCE-4ECC-8E51-7F43A893BE62}.Debug|Any CPU.ActiveCfg = Debug|Win32
		{CE7EF748-2FCE-4ECC-8E51-7F43A893BE62}.Debug|x64.ActiveCfg = Debug|x64
		{CE7EF748-2FCE-4ECC-8E51-7F43A893BE62}.Debug|x64.Build.0 = Debug|x64
		{CE7EF748-2FCE-4ECC-8E51-7F43A893BE62}.Debug|x86.ActiveCfg = Debug|Win32
		{CE7EF748-2FCE-4ECC-8E51-7F43A893BE62}.Debug|x86.Build.0 = Debug|Win32
		{CE7EF748-2FCE-4ECC-8E51-7F43A893BE62}.Release_STAT|Any CPU.ActiveCfg = Release|Win32
		{CE7EF748-2FCE-4ECC-8E51-7F43A893BE62}.Release_STAT|Any CPU.Build.0 = Release|Win32
		{CE7EF748-2FCE-4ECC-8E51-7F43A893BE62}.Release_STAT|x64.ActiveCfg = Release|x64
		{CE7EF748-2FCE-4ECC-8E51-7F43A893BE62}.Release_STAT|x64.Build.0 = Release|x64
		{CE7EF748-2FCE-4ECC-8E51-7F43A893BE62}.Release_STAT|x86.ActiveCfg = Release|Win32
		{CE7EF748-2FCE-4ECC-8E51-7F43A893BE62}.Release_STAT|x86.Build.0 = Release|Win32
		{CE7EF748-2FCE-4ECC-8E51-7F43A893BE62}.Release|Any CPU.ActiveCfg = Release|Win32
		{CE7EF748-2FCE-4ECC-8E51-7F43A893BE62}.Release|x64.ActiveCfg = Release|x64
		{CE7EF748-2FCE-4ECC-8E51-7F43A893BE62}.Release|x64.Build.0 = Release|x64
		{CE7EF748-2FCE-4ECC-8E51-7F43A893BE62}.Release|x86.ActiveCfg = Release|Win32
		{CE7EF748-2FCE-4ECC-8E51-7F43A893BE62}.Release|x86.Build.0 = Release|Win32
		{DC028017-F92D-4A70-ABA1-0208737AA5A5}.Debug_STAT|Any CPU.ActiveCfg = Release|Win32
		{DC028017-F92D-4A70-ABA1-0208737AA5A5}.Debug_STAT|Any CPU.Build.0 = Release|Win32
		{DC028017-F92D-4A70-ABA1-0208737AA5A5}.Debug_STAT|x64.ActiveCfg = Debug|x64
		{DC028017-F92D-4A70-ABA1-0208737AA5A5}.Debug_STAT|x64.Build.0 = Debug|x64
		{DC028017-F92D-4A70-ABA1-0208737AA5A5}.Debug_STAT|x86.ActiveCfg = Debug|Win32
		{DC028017-F92D-4A70-ABA1-0208737AA5A5}.Debug_STAT|x86.Build.0 = Debug|Win32
		{DC028017-F92D-4A70-ABA1-0208737AA5A5}.Debug|Any CPU.ActiveCfg = Debug|Win32
		{DC028017-F92D-4A70-ABA1-0208737AA5A5}.Debug|x64.ActiveCfg = Debug|x64
		{DC028017-F92D-4A70-ABA1-0208737AA5A5}.Debug|x64.Build.0 = Debug|x64
		{DC028017-F92D-4A70-ABA1-0208737AA5A5}.Debug|x86.ActiveCfg = Debug|Win32
		{DC028017-F92D-4A70-ABA1-0208737AA5A5}.Debug|x86.Build.0 = Debug|Win32
		{DC028017-F92D-4A70-ABA1-0208737AA5A5}.Release_STAT|Any CPU.ActiveCfg = Release|Win32
		{DC028017-F92D-4A70-ABA1-0208737AA5A5}.Release_STAT|Any CPU.Build.0 = Release|Win32
		{DC028017-F92D-4A70-ABA1-0208737AA5A5}.Release_STAT|x64.ActiveCfg = Release|x64
		{DC028017-F92D-4A70-ABA1-0208737AA5A5}.Release_STAT|x64.Build.0 = Release|x64
		{DC028017-F92D-4A70-ABA1-0208737AA5A5}.Release_STAT|x86.ActiveCfg = Release|Win32
		{DC028017-F92D-4A70-ABA1-0208737AA5A5}.Release_STAT|x86.Build.0 = Release|Win32
		{DC028017-F92D-4A70-ABA1-0208737AA5A5}.Release|Any CPU.ActiveCfg = Release|Win32
		{DC028017-F92D-4A70-ABA1-0208737AA5A5}.Release|x64.ActiveCfg = Release|x64
		{DC028017-F92D-4A70-ABA1-0208737AA5A5}.Release|x64.Build.0 = Release|x64
		{DC028017-F92D-4A70-ABA1-0208737AA5A5}.Release|x86.ActiveCfg = Release|Win32
		{DC028017-F92D-4A70-ABA1-0208737AA5A5}.Release|x86.Build.0 = Release|Win32
		{49FC443C-19D8-49B0-BC7D-09D234988086}.Debug_STAT|Any CPU.ActiveCfg = Release|Win32
		{49FC443C-19D8-49B0-BC7D-09D234988086}.Debug_STAT|Any CPU.Build.0 = Release|Win32
		{49FC443C-19D8-49B0-BC7D-09D234988086}.Debug_STAT|x64.ActiveCfg = Debug|x64
		{49FC443C-19D8-49B0-BC7D-09D234988086}.Debug_STAT|x64.Build.0 = Debug|x64
		{49FC443C-19D8-49B0-BC7D-09D234988086}.Debug_STAT|x86.ActiveCfg = Debug|Win32
		{49FC443C-19D8-49B0-BC7D-09D234988086}.Debug_STAT|x86.Build.0 = Debug|Win32
		{49FC443C-19D8-49B0-BC7D-09D234988086}.Debug|Any CPU.ActiveCfg = Debug|Win32
		{49FC443C-19D8-49B0-BC7D-09D234988086}.Debug|x64.ActiveCfg = Debug|x64
		{49FC443C-19D8-49B0-BC7D-09D234988086}.Debug|x64.Build.0 = Debug|x64
		{49FC443C-19D8-49B0-BC7D-09D234988086}.Debug|x86.ActiveCfg = Debug|Win32
		{49FC443C-19D8-49B0-BC7D-09D234988086}.Debug|x86.Build.0 = Debug|Win32
		{49FC443C-19D8-49B0-BC7D-09D234988086}.Release_STAT|Any CPU.ActiveCfg = Release|Win32
		{49FC443C-19D8-49B0-BC7D-09D234988086}.Release_STAT|Any CPU.Build.0 = Release|Win32
		{49FC443C-19D8-49B0-BC7D-09D234988086}.Release_STAT|x64.ActiveCfg = Release|x64
		{49FC443C-19D8-49B0-BC7D-09D234988086}.Release_STAT|x64.Build.0 = Release|x64
		{49FC443C-19D8-49B0-BC7D-09D234988086}.Release_STAT|x86.ActiveCfg = Release|Win32
		{49FC443C-19D8-49B0-BC7D-09D234988086}.Release_STAT|x86.Build.0 = Release|Win32
		{49FC443C-19D8-49B0-BC7D-09D234988086}.Release|Any CPU.ActiveCfg = Release|Win32
		{49FC443C-19D8-49B0-BC7D-09D234988086}.Release|x64.ActiveCfg = Release|x64
		{49FC443C-19D8-49B0-BC7D-09D234988086}.Release|x64.Build.0 = Release|x64
		{49FC443C-19D8-49B0-BC7D-09D234988086}.Release|x86.ActiveCfg = Release|Win32
		{49FC443C-19D8-49B0-BC7D-09D234988086}.Release|x86.Build.0 = Release|Win32
		{FF5AAE17-BA16-46B5-8C7B-AC860878D008}.Debug_STAT|Any CPU.ActiveCfg = Debug_STAT|Any CPU
		{FF5AAE17-BA16-46B5-8C7B-AC860878D008}.Debug_STAT|Any CPU.Build.0 = Debug_STAT|Any CPU
		{FF5AAE17-BA16-46B5-8C7B-AC860878D008}.Debug_STAT|x64.ActiveCfg = Debug_STAT|x64
		{FF5AAE17-BA16-46B5-8C7B-AC860878D008}.Debug_STAT|x64.Build.0 = Debug_STAT|x64
		{FF5AAE17-BA16-46B5-8C7B-AC860878D008}.Debug_STAT|x86.ActiveCfg = Debug_STAT|x86
		{FF5AAE17-BA16-46B5-8C7B-AC860878D008}.Debug_STAT|x86.Build.0 = Debug_STAT|x86
		{FF5AAE17-BA16-46B5-8C7B-AC860878D008}.Debug|Any CPU.ActiveCfg = Debug|Any CPU
		{FF5AAE17-BA16-46B5-8C7B-AC860878D008}.Debug|Any CPU.Build.0 = Debug|Any CPU
		{FF5AAE17-BA16-46B5-8C7B-AC860878D008}.Debug|x64.ActiveCfg = Debug|x64
		{FF5AAE17-BA16-46B5-8C7B-AC860878D008}.Debug|x64.Build.0 = Debug|x64
		{FF5AAE17-BA16-46B5-8C7B-AC860878D008}.Debug|x86.ActiveCfg = Debug|x86
		{FF5AAE17-BA16-46B5-8C7B-AC860878D008}.Debug|x86.Build.0 = Debug|x86
		{FF5AAE17-BA16-46B5-8C7B-AC860878D008}.Release_STAT|Any CPU.ActiveCfg = Release_STAT|Any CPU
		{FF5AAE17-BA16-46B5-8C7B-AC860878D008}.Release_STAT|Any CPU.Build.0 = Release_STAT|Any CPU
		{FF5AAE17-BA16-46B5-8C7B-AC860878D008}.Release_STAT|x64.ActiveCfg = Release_STAT|x64
		{FF5AAE17-BA16-46B5-8C7B-AC860878D008}.Release_STAT|x64.Build.0 = Release_STAT|x64
		{FF5AAE17-BA16-46B5-8C7B-AC860878D008}.Release_STAT|x86.ActiveCfg = Release_STAT|x86
		{FF5AAE17-BA16-46B5-8C7B-AC860878D008}.Release_STAT|x86.Build.0 = Release_STAT|x86
		{FF5AAE17-BA16-46B5-8C7B-AC860878D008}.Release|Any CPU.ActiveCfg = Release|Any CPU
		{FF5AAE17-BA16-46B5-8C7B-AC860878D008}.Release|Any CPU.Build.0 = Release|Any CPU
		{FF5AAE17-BA16-46B5-8C7B-AC860878D008}.Release|x64.ActiveCfg = Release|x64
		{FF5AAE17-BA16-46B5-8C7B-AC860878D008}.Release|x64.Build.0 = Release|x64
		{FF5AAE17-BA16-46B5-8C7B-AC860878D008}.Release|x86.ActiveCfg = Release|x86
		{FF5AAE17-BA16-46B5-8C7B-AC860878D008}.Release|x86.Build.0 = Release|x86
		{23F03B03-B65E-47EF-A61C-FB4631FBA71C}.Debug_STAT|Any CPU.ActiveCfg = Debug_STAT|Any CPU
		{23F03B03-B65E-47EF-A61C-FB4631FBA71C}.Debug_STAT|Any CPU.Build.0 = Debug_STAT|Any CPU
		{23F03B03-B65E-47EF-A61C-FB4631FBA71C}.Debug_STAT|x64.ActiveCfg = Debug_STAT|x64
		{23F03B03-B65E-47EF-A61C-FB4631FBA71C}.Debug_STAT|x64.Build.0 = Debug_STAT|x64
		{23F03B03-B65E-47EF-A61C-FB4631FBA71C}.Debug_STAT|x86.ActiveCfg = Debug_STAT|x86
		{23F03B03-B65E-47EF-A61C-FB4631FBA71C}.Debug_STAT|x86.Build.0 = Debug_STAT|x86
		{23F03B03-B65E-47EF-A61C-FB4631FBA71C}.Debug|Any CPU.ActiveCfg = Debug|Any CPU
		{23F03B03-B65E-47EF-A61C-FB4631FBA71C}.Debug|Any CPU.Build.0 = Debug|Any CPU
		{23F03B03-B65E-47EF-A61C-FB4631FBA71C}.Debug|x64.ActiveCfg = Debug|x64
		{23F03B03-B65E-47EF-A61C-FB4631FBA71C}.Debug|x64.Build.0 = Debug|x64
		{23F03B03-B65E-47EF-A61C-FB4631FBA71C}.Debug|x86.ActiveCfg = Debug|x86
		{23F03B03-B65E-47EF-A61C-FB4631FBA71C}.Debug|x86.Build.0 = Debug|x86
		{23F03B03-B65E-47EF-A61C-FB4631FBA71C}.Release_STAT|Any CPU.ActiveCfg = Release_STAT|Any CPU
		{23F03B03-B65E-47EF-A61C-FB4631FBA71C}.Release_STAT|Any CPU.Build.0 = Release_STAT|Any CPU
		{23F03B03-B65E-47EF-A61C-FB4631FBA71C}.Release_STAT|x64.ActiveCfg = Release_STAT|x64
		{23F03B03-B65E-47EF-A61C-FB4631FBA71C}.Release_STAT|x64.Build.0 = Release_STAT|x64
		{23F03B03-B65E-47EF-A61C-FB4631FBA71C}.Release_STAT|x86.ActiveCfg = Release_STAT|x86
		{23F03B03-B65E-47EF-A61C-FB4631FBA71C}.Release_STAT|x86.Build.0 = Release_STAT|x86
		{23F03B03-B65E-47EF-A61C-FB4631FBA71C}.Release|Any CPU.ActiveCfg = Release|Any CPU
		{23F03B03-B65E-47EF-A61C-FB4631FBA71C}.Release|Any CPU.Build.0 = Release|Any CPU
		{23F03B03-B65E-47EF-A61C-FB4631FBA71C}.Release|x64.ActiveCfg = Release|x64
		{23F03B03-B65E-47EF-A61C-FB4631FBA71C}.Release|x64.Build.0 = Release|x64
		{23F03B03-B65E-47EF-A61C-FB4631FBA71C}.Release|x86.ActiveCfg = Release|x86
		{23F03B03-B65E-47EF-A61C-FB4631FBA71C}.Release|x86.Build.0 = Release|x86
		{7ABE79B7-8506-4DA4-B511-CEE751496CE4}.Debug_STAT|Any CPU.ActiveCfg = Debug|Any CPU
		{7ABE79B7-8506-4DA4-B511-CEE751496CE4}.Debug_STAT|Any CPU.Build.0 = Debug|Any CPU
		{7ABE79B7-8506-4DA4-B511-CEE751496CE4}.Debug_STAT|x64.ActiveCfg = Debug|Any CPU
		{7ABE79B7-8506-4DA4-B511-CEE751496CE4}.Debug_STAT|x64.Build.0 = Debug|Any CPU
		{7ABE79B7-8506-4DA4-B511-CEE751496CE4}.Debug_STAT|x86.ActiveCfg = Debug|Any CPU
		{7ABE79B7-8506-4DA4-B511-CEE751496CE4}.Debug_STAT|x86.Build.0 = Debug|Any CPU
		{7ABE79B7-8506-4DA4-B511-CEE751496CE4}.Debug|Any CPU.ActiveCfg = Debug|Any CPU
		{7ABE79B7-8506-4DA4-B511-CEE751496CE4}.Debug|Any CPU.Build.0 = Debug|Any CPU
		{7ABE79B7-8506-4DA4-B511-CEE751496CE4}.Debug|x64.ActiveCfg = Debug|x64
		{7ABE79B7-8506-4DA4-B511-CEE751496CE4}.Debug|x64.Build.0 = Debug|x64
		{7ABE79B7-8506-4DA4-B511-CEE751496CE4}.Debug|x86.ActiveCfg = Debug|x86
		{7ABE79B7-8506-4DA4-B511-CEE751496CE4}.Debug|x86.Build.0 = Debug|x86
		{7ABE79B7-8506-4DA4-B511-CEE751496CE4}.Release_STAT|Any CPU.ActiveCfg = Release|Any CPU
		{7ABE79B7-8506-4DA4-B511-CEE751496CE4}.Release_STAT|Any CPU.Build.0 = Release|Any CPU
		{7ABE79B7-8506-4DA4-B511-CEE751496CE4}.Release_STAT|x64.ActiveCfg = Release|Any CPU
		{7ABE79B7-8506-4DA4-B511-CEE751496CE4}.Release_STAT|x64.Build.0 = Release|Any CPU
		{7ABE79B7-8506-4DA4-B511-CEE751496CE4}.Release_STAT|x86.ActiveCfg = Release|Any CPU
		{7ABE79B7-8506-4DA4-B511-CEE751496CE4}.Release_STAT|x86.Build.0 = Release|Any CPU
		{7ABE79B7-8506-4DA4-B511-CEE751496CE4}.Release|Any CPU.ActiveCfg = Release|Any CPU
		{7ABE79B7-8506-4DA4-B511-CEE751496CE4}.Release|Any CPU.Build.0 = Release|Any CPU
		{7ABE79B7-8506-4DA4-B511-CEE751496CE4}.Release|x64.ActiveCfg = Release|x64
		{7ABE79B7-8506-4DA4-B511-CEE751496CE4}.Release|x64.Build.0 = Release|x64
		{7ABE79B7-8506-4DA4-B511-CEE751496CE4}.Release|x86.ActiveCfg = Release|x86
		{7ABE79B7-8506-4DA4-B511-CEE751496CE4}.Release|x86.Build.0 = Release|x86
	EndGlobalSection
	GlobalSection(SolutionProperties) = preSolution
		HideSolutionNode = FALSE
	EndGlobalSection
	GlobalSection(NestedProjects) = preSolution
		{293C477A-8B77-419D-B8A9-0CA5212934CC} = {4E7E72A5-820B-42D9-982B-ACB17484E523}
		{CE7EF748-2FCE-4ECC-8E51-7F43A893BE62} = {4E7E72A5-820B-42D9-982B-ACB17484E523}
		{DC028017-F92D-4A70-ABA1-0208737AA5A5} = {4E7E72A5-820B-42D9-982B-ACB17484E523}
		{49FC443C-19D8-49B0-BC7D-09D234988086} = {4E7E72A5-820B-42D9-982B-ACB17484E523}
		{23F03B03-B65E-47EF-A61C-FB4631FBA71C} = {22ECDBBA-4ED8-40E9-A972-DDDC1009DD47}
		{22ECDBBA-4ED8-40E9-A972-DDDC1009DD47} = {4E7E72A5-820B-42D9-982B-ACB17484E523}
		{7ABE79B7-8506-4DA4-B511-CEE751496CE4} = {22ECDBBA-4ED8-40E9-A972-DDDC1009DD47}
	EndGlobalSection
EndGlobal
